github.com/creack/pty v1.1.7 h1:6pwm8kMQKCmgUg0ZHTm5+/YvRK0s3THD/28+T6/kk4A=
github.com/creack/pty v1.1.7/go.mod h1:lj5s0c3V2DBrqTV7llrYr5NG6My20zk30Fl46Y7DoTY=
github.com/creack/termios v0.0.0-20160714173321-88d0029e36a1 h1:3ZFknr3UZk2E18CuCeA0NMRk226zM/slMEFOmJTtJjI=
github.com/creack/termios v0.0.0-20160714173321-88d0029e36a1/go.mod h1:141QqpYDZtzU1VJMRHPU6ZWkn9K5cE6X8elajH9hJk4=
github.com/deadsy/go-cli v0.0.0-20230301174137-5c174cc4ca7e h1:Pj8XuUwK8GSqHCw2JfXVYOoexWuWxzAFsUhPEVCmb0Y=
github.com/deadsy/go-cli v0.0.0-20230301174137-5c174cc4ca7e/go.mod h1:aNN7LM5tRdypUMSoEPAn5J9NfiIXvgUXT+pEYKz21kI=
github.com/deadsy/go-fdset v0.0.0-20191109013125-1377c8665b89 h1:uIQksL6B2rolyPXGKYkQxtn+XoVTMeErP1nO6A3lroE=
github.com/deadsy/go-fdset v0.0.0-20191109013125-1377c8665b89/go.mod h1:k4cs/s766EtemQo1eMCnPF18lSlNer6fJGTnsR7FG04=
github.com/deadsy/hidapi v0.0.0-20201205163547-7cb4262cac1d h1:ZlpIZNF1ifHutw+6Zg2HbSN6tSoethI4M+GHz7QpY98=
github.com/deadsy/hidapi v0.0.0-20201205163547-7cb4262cac1d/go.mod h1:w6v+i3VBKPBCj/N5pPcBtDztTaFV0ND5h19MjN5cxes=
github.com/deadsy/hidapi v0.0.0-20250401173950-c4731c7bc2f6 h1:5tIgVrTdKKcugVaxgsp6MY0QPp/gAG3kjS1oPuqo5aU=
github.com/deadsy/hidapi v0.0.0-20250401173950-c4731c7bc2f6/go.mod h1:Ptk07SMHk3WtLWq5d25beEyQSk+a1cu4bTSSOjWADZc=
github.com/deadsy/jaylink v0.0.0-20201205163347-737357792d20 h1:vw4e0h38ouJ6+EqOUt/STFdG5pu7XqKRmQe9TOgKgd4=
github.com/deadsy/jaylink v0.0.0-20201205163347-737357792d20/go.mod h1:iDHZIZ8TvJymEVWSP9JEU9KHA6W0kcCzWm9ZxHthLOU=
github.com/deadsy/rvda v0.0.0-20230302170618-8cc97fa6dce8 h1:UYgW55suTQIbX4DkMLgkUs4cjNCOX4638SZlQnBi9R4=
github.com/deadsy/rvda v0.0.0-20230302170618-8cc97fa6dce8/go.mod h1:EecNoJBjWzKinRP/24Y+F+OwsVRH3dVeE384RhWADpw=
github.com/kr/pty v1.1.8 h1:AkaSdXYQOWeaO3neb8EM634ahkXXe3jYbVh/F9lq+GI=
github.com/kr/pty v1.1.8/go.mod h1:O1sed60cT9XZ5uDucP5qwvh+TE3NnUj51EiZO/lmSfw=
github.com/mattn/go-isatty v0.0.17 h1:BTarxUcIeDqL27Mc+vyvdWYSL28zpIhv3RoTdsLMPng=
github.com/mattn/go-isatty v0.0.17/go.mod h1:kYGgaQfpe5nmfYZH+SKPsOc2e4SrIfOl2e/yFXSvRLM=
github.com/mattn/go-runewidth v0.0.14 h1:+xnbZSEeDbOIg5/mE6JF0w6n9duR1l3/WmbinWVwUuU=
github.com/mattn/go-runewidth v0.0.14/go.mod h1:Jdepj2loyihRzMpdS35Xk/zdY8IAYHsh153qUoGf23w=
github.com/rivo/uniseg v0.2.0/go.mod h1:J6wj4VEh+S6ZtnVlnTBMWIodfgj8LQOQFoIToxlJtxc=
github.com/rivo/uniseg v0.4.4 h1:8TfxU8dW6PdqD27gjM8MVNuicgxIjxpm4K7x4jp8sis=
github.com/rivo/uniseg v0.4.4/go.mod h1:FN3SvrM+Zdj16jyLfmOkMNblXMcoc8DfTHruCPUcx88=
github.com/vitaminwater/cgo.wchar v0.0.0-20160320123332-5dd6f4be3f2a h1:ob45GSHxZJ5H2Sf8WzcJWqNmqiBLr2QIHmun1its9d4=
github.com/vitaminwater/cgo.wchar v0.0.0-20160320123332-5dd6f4be3f2a/go.mod h1:2DpU0Ek6K9QFbDyQwPa3PAOPSfdp38Pk+MXM6y/sDR0=
golang.org/x/sys v0.0.0-20220811171246-fbc7d0a398ab/go.mod h1:oPkhp1MJrh7nUepCBck5+mAzfO9JrbApNNgaTdGDITg=
golang.org/x/sys v0.5.0 h1:MUK/U/4lj1t1oPg0HfuXDN/Z1wv31ZJ/YcPiGccS4DU=
golang.org/x/sys v0.5.0/go.mod h1:oPkhp1MJrh7nUepCBck5+mAzfO9JrbApNNgaTdGDITg=
